
Microsoft Visual Studio Solution File, Format Version 12.00
# Visual Studio Version 17
VisualStudioVersion = 17.8.34511.84
MinimumVisualStudioVersion = 10.0.40219.1
Project("{FAE04EC0-301F-11D3-BF4B-00C04F79EFBC}") = "PerfilActores", "PerfilActores\PerfilActores.csproj", "{27C3C0D5-0531-47E2-9AC3-9FBE8546FC79}"
EndProject
Global
	GlobalSection(SolutionConfigurationPlatforms) = preSolution
		Debug|Any CPU = Debug|Any CPU
		Release|Any CPU = Release|Any CPU
	EndGlobalSection
	GlobalSection(ProjectConfigurationPlatforms) = postSolution
		{27C3C0D5-0531-47E2-9AC3-9FBE8546FC79}.Debug|Any CPU.ActiveCfg = Debug|Any CPU
		{27C3C0D5-0531-47E2-9AC3-9FBE8546FC79}.Debug|Any CPU.Build.0 = Debug|Any CPU
		{27C3C0D5-0531-47E2-9AC3-9FBE8546FC79}.Release|Any CPU.ActiveCfg = Release|Any CPU
		{27C3C0D5-0531-47E2-9AC3-9FBE8546FC79}.Release|Any CPU.Build.0 = Release|Any CPU
	EndGlobalSection
	GlobalSection(SolutionProperties) = preSolution
		HideSolutionNode = FALSE
	EndGlobalSection
	GlobalSection(ExtensibilityGlobals) = postSolution
		SolutionGuid = {34F9E11F-8A91-4633-96CC-AA604F5682EB}
	EndGlobalSection
EndGlobal
